
Microsoft Visual Studio Solution File, Format Version 12.00
# Visual Studio Version 16
VisualStudioVersion = 16.0.30907.101
MinimumVisualStudioVersion = 10.0.40219.1
Project("{FAE04EC0-301F-11D3-BF4B-00C04F79EFBC}") = "ExtrusionTriangulation", "ExtrusionTriangulation\ExtrusionTriangulation.csproj", "{BAC0D07E-D532-47FA-B33A-E8B547377710}"
EndProject
Project("{9A19103F-16F7-4668-BE54-9A1E7A4F7556}") = "RamathSoft", "RamathSoft\RamathSoft.csproj", "{3225398A-41DD-4CB9-800D-07CF3D36E0F1}"
EndProject
Global
	GlobalSection(SolutionConfigurationPlatforms) = preSolution
		Debug|Any CPU = Debug|Any CPU
		Release|Any CPU = Release|Any CPU
	EndGlobalSection
	GlobalSection(ProjectConfigurationPlatforms) = postSolution
		{BAC0D07E-D532-47FA-B33A-E8B547377710}.Debug|Any CPU.ActiveCfg = Debug|Any CPU
		{BAC0D07E-D532-47FA-B33A-E8B547377710}.Debug|Any CPU.Build.0 = Debug|Any CPU
		{BAC0D07E-D532-47FA-B33A-E8B547377710}.Release|Any CPU.ActiveCfg = Release|Any CPU
		{BAC0D07E-D532-47FA-B33A-E8B547377710}.Release|Any CPU.Build.0 = Release|Any CPU
		{3225398A-41DD-4CB9-800D-07CF3D36E0F1}.Debug|Any CPU.ActiveCfg = Debug|Any CPU
		{3225398A-41DD-4CB9-800D-07CF3D36E0F1}.Debug|Any CPU.Build.0 = Debug|Any CPU
		{3225398A-41DD-4CB9-800D-07CF3D36E0F1}.Release|Any CPU.ActiveCfg = Release|Any CPU
		{3225398A-41DD-4CB9-800D-07CF3D36E0F1}.Release|Any CPU.Build.0 = Release|Any CPU
	EndGlobalSection
	GlobalSection(SolutionProperties) = preSolution
		HideSolutionNode = FALSE
	EndGlobalSection
	GlobalSection(ExtensibilityGlobals) = postSolution
		SolutionGuid = {19EB9A45-73FF-4B4E-9D3A-F361E482C9A3}
	EndGlobalSection
EndGlobal
